# THIS IS AN AUTOGENERATED FILE. DO NOT EDIT THIS FILE DIRECTLY.
# yarn lockfile v1


csv-parser@^3.2.0:
  version "3.2.0"
  resolved "https://registry.yarnpkg.com/csv-parser/-/csv-parser-3.2.0.tgz#7e5515e3763e963dc8660dc9dcfc3f0eaf72b0a9"
  integrity sha512-fgKbp+AJbn1h2dcAHKIdKNSSjfp43BZZykXsCjzALjKy80VXQNHPFJ6T9Afwdzoj24aMkq8GwDS7KGcDPpejrA==
